
Microsoft Visual Studio Solution File, Format Version 12.00
# Visual Studio Version 17
VisualStudioVersion = 17.3.32804.467
MinimumVisualStudioVersion = 10.0.40219.1
Project("{9A19103F-16F7-4668-BE54-9A1E7A4F7556}") = "Pacman", "Program\Pacman.csproj", "{2B073909-001A-4044-B6E8-DF8E020C9219}"
EndProject
Global
	GlobalSection(SolutionConfigurationPlatforms) = preSolution
		Debug|Any CPU = Debug|Any CPU
		Release|Any CPU = Release|Any CPU
	EndGlobalSection
	GlobalSection(ProjectConfigurationPlatforms) = postSolution
		{2B073909-001A-4044-B6E8-DF8E020C9219}.Debug|Any CPU.ActiveCfg = Debug|Any CPU
		{2B073909-001A-4044-B6E8-DF8E020C9219}.Debug|Any CPU.Build.0 = Debug|Any CPU
		{2B073909-001A-4044-B6E8-DF8E020C9219}.Release|Any CPU.ActiveCfg = Release|Any CPU
		{2B073909-001A-4044-B6E8-DF8E020C9219}.Release|Any CPU.Build.0 = Release|Any CPU
	EndGlobalSection
	GlobalSection(SolutionProperties) = preSolution
		HideSolutionNode = FALSE
	EndGlobalSection
	GlobalSection(ExtensibilityGlobals) = postSolution
		SolutionGuid = {197AB393-DCB2-454A-8AD3-B65DDBFE2FC1}
	EndGlobalSection
EndGlobal
